// !$*UTF8*$!
{
	archiveVersion = 1;
	classes = {
	};
	objectVersion = 56;
	objects = {

/* Begin PBXBuildFile section */
		AF018FBE2BE8C13200DB2C0B /* MovieCell.swift in Sources */ = {isa = PBXBuildFile; fileRef = AF018FBD2BE8C13200DB2C0B /* MovieCell.swift */; };
		AF018FC02BE8C4DD00DB2C0B /* MoyaProvider+.swift in Sources */ = {isa = PBXBuildFile; fileRef = AF018FBF2BE8C4DD00DB2C0B /* MoyaProvider+.swift */; };
		AF10B3C02BC6AACF001AFDF7 /* AppDelegate.swift in Sources */ = {isa = PBXBuildFile; fileRef = AF10B3BF2BC6AACF001AFDF7 /* AppDelegate.swift */; };
		AF10B3C22BC6AACF001AFDF7 /* SceneDelegate.swift in Sources */ = {isa = PBXBuildFile; fileRef = AF10B3C12BC6AACF001AFDF7 /* SceneDelegate.swift */; };
		AF10B3C42BC6AACF001AFDF7 /* LoginViewController.swift in Sources */ = {isa = PBXBuildFile; fileRef = AF10B3C32BC6AACF001AFDF7 /* LoginViewController.swift */; };
		AF10B3C72BC6AACF001AFDF7 /* Main.storyboard in Resources */ = {isa = PBXBuildFile; fileRef = AF10B3C52BC6AACF001AFDF7 /* Main.storyboard */; };
		AF10B3C92BC6AAD1001AFDF7 /* Assets.xcassets in Resources */ = {isa = PBXBuildFile; fileRef = AF10B3C82BC6AAD1001AFDF7 /* Assets.xcassets */; };
		AF10B3CC2BC6AAD1001AFDF7 /* LaunchScreen.storyboard in Resources */ = {isa = PBXBuildFile; fileRef = AF10B3CA2BC6AAD1001AFDF7 /* LaunchScreen.storyboard */; };
		AF3616712BCD6B890019185A /* UITextField+.swift in Sources */ = {isa = PBXBuildFile; fileRef = AF3616702BCD6B890019185A /* UITextField+.swift */; };
		AF6832A42BCCF28600932406 /* SnapKit in Frameworks */ = {isa = PBXBuildFile; productRef = AF6832A32BCCF28600932406 /* SnapKit */; };
		AF6832A62BCCF28600932406 /* SnapKit-Dynamic in Frameworks */ = {isa = PBXBuildFile; productRef = AF6832A52BCCF28600932406 /* SnapKit-Dynamic */; };
		AF6832B62BCCF39400932406 /* UIColor+.swift in Sources */ = {isa = PBXBuildFile; fileRef = AF6832B52BCCF39400932406 /* UIColor+.swift */; };
		AF6832B82BCCF4EC00932406 /* String+.swift in Sources */ = {isa = PBXBuildFile; fileRef = AF6832B72BCCF4EC00932406 /* String+.swift */; };
		AF6832DD2BCCF7BD00932406 /* Pretendard-ExtraBold.ttf in Resources */ = {isa = PBXBuildFile; fileRef = AF6832D42BCCF7BD00932406 /* Pretendard-ExtraBold.ttf */; };
		AF6832DE2BCCF7BD00932406 /* Pretendard-Black.ttf in Resources */ = {isa = PBXBuildFile; fileRef = AF6832D52BCCF7BD00932406 /* Pretendard-Black.ttf */; };
		AF6832DF2BCCF7BD00932406 /* Pretendard-Light.ttf in Resources */ = {isa = PBXBuildFile; fileRef = AF6832D62BCCF7BD00932406 /* Pretendard-Light.ttf */; };
		AF6832E02BCCF7BD00932406 /* Pretendard-Bold.ttf in Resources */ = {isa = PBXBuildFile; fileRef = AF6832D72BCCF7BD00932406 /* Pretendard-Bold.ttf */; };
		AF6832E12BCCF7BD00932406 /* Pretendard-Regular.ttf in Resources */ = {isa = PBXBuildFile; fileRef = AF6832D82BCCF7BD00932406 /* Pretendard-Regular.ttf */; };
		AF6832E22BCCF7BD00932406 /* Pretendard-SemiBold.ttf in Resources */ = {isa = PBXBuildFile; fileRef = AF6832D92BCCF7BD00932406 /* Pretendard-SemiBold.ttf */; };
		AF6832E32BCCF7BD00932406 /* Pretendard-Thin.ttf in Resources */ = {isa = PBXBuildFile; fileRef = AF6832DA2BCCF7BD00932406 /* Pretendard-Thin.ttf */; };
		AF6832E42BCCF7BD00932406 /* Pretendard-ExtraLight.ttf in Resources */ = {isa = PBXBuildFile; fileRef = AF6832DB2BCCF7BD00932406 /* Pretendard-ExtraLight.ttf */; };
		AF6832E52BCCF7BD00932406 /* Pretendard-Medium.ttf in Resources */ = {isa = PBXBuildFile; fileRef = AF6832DC2BCCF7BD00932406 /* Pretendard-Medium.ttf */; };
		AF6832E72BCCFC6500932406 /* UIButton+.swift in Sources */ = {isa = PBXBuildFile; fileRef = AF6832E62BCCFC6500932406 /* UIButton+.swift */; };
		AF6832EA2BCD0DFA00932406 /* ClearButton.swift in Sources */ = {isa = PBXBuildFile; fileRef = AF6832E92BCD0DFA00932406 /* ClearButton.swift */; };
		AF6832ED2BCD0EDB00932406 /* CustomPadding.swift in Sources */ = {isa = PBXBuildFile; fileRef = AF6832EC2BCD0EDB00932406 /* CustomPadding.swift */; };
		AF6832EF2BCD0FE300932406 /* VisibleButton.swift in Sources */ = {isa = PBXBuildFile; fileRef = AF6832EE2BCD0FE300932406 /* VisibleButton.swift */; };
		AF6832F12BCD12A900932406 /* WelcomeViewController.swift in Sources */ = {isa = PBXBuildFile; fileRef = AF6832F02BCD12A900932406 /* WelcomeViewController.swift */; };
		AF7A0C002BE8B0E500A9885C /* Moya in Frameworks */ = {isa = PBXBuildFile; productRef = AF7A0BFF2BE8B0E500A9885C /* Moya */; };
		AF7A0C032BE8B14600A9885C /* Config.swift in Sources */ = {isa = PBXBuildFile; fileRef = AF7A0C022BE8B14600A9885C /* Config.swift */; };
		AF7A0C052BE8B20E00A9885C /* NetworkResult.swift in Sources */ = {isa = PBXBuildFile; fileRef = AF7A0C042BE8B20E00A9885C /* NetworkResult.swift */; };
		AF7A0C072BE8B21F00A9885C /* MoyaLoggingPlugin.swift in Sources */ = {isa = PBXBuildFile; fileRef = AF7A0C062BE8B21F00A9885C /* MoyaLoggingPlugin.swift */; };
		AF7A0C092BE8B22C00A9885C /* APITarget.swift in Sources */ = {isa = PBXBuildFile; fileRef = AF7A0C082BE8B22C00A9885C /* APITarget.swift */; };
		AF7A0C0B2BE8B4B100A9885C /* MovieService.swift in Sources */ = {isa = PBXBuildFile; fileRef = AF7A0C0A2BE8B4B100A9885C /* MovieService.swift */; };
		AF7A0C0D2BE8B4DB00A9885C /* APITarget+Movie.swift in Sources */ = {isa = PBXBuildFile; fileRef = AF7A0C0C2BE8B4DB00A9885C /* APITarget+Movie.swift */; };
		AF7A0C0F2BE8B54900A9885C /* FetchMovieRequest.swift in Sources */ = {isa = PBXBuildFile; fileRef = AF7A0C0E2BE8B54900A9885C /* FetchMovieRequest.swift */; };
		AF7A0C112BE8B5CF00A9885C /* FetchMovieResponse.swift in Sources */ = {isa = PBXBuildFile; fileRef = AF7A0C102BE8B5CF00A9885C /* FetchMovieResponse.swift */; };
		AF7A0C132BE8B64B00A9885C /* MovieModel.swift in Sources */ = {isa = PBXBuildFile; fileRef = AF7A0C122BE8B64B00A9885C /* MovieModel.swift */; };
		AF7A0C152BE8B91200A9885C /* MovieListViewController.swift in Sources */ = {isa = PBXBuildFile; fileRef = AF7A0C142BE8B91200A9885C /* MovieListViewController.swift */; };
		AFA9ED382BDD599E009A5C59 /* MockData.swift in Sources */ = {isa = PBXBuildFile; fileRef = AFA9ED372BDD599E009A5C59 /* MockData.swift */; };
		AFA9ED3A2BDEA9AA009A5C59 /* HeaderView.swift in Sources */ = {isa = PBXBuildFile; fileRef = AFA9ED392BDEA9A9009A5C59 /* HeaderView.swift */; };
		AFA9ED3C2BDF7BB8009A5C59 /* TabHeaderView.swift in Sources */ = {isa = PBXBuildFile; fileRef = AFA9ED3B2BDF7BB8009A5C59 /* TabHeaderView.swift */; };
		AFA9ED3E2BDF7DDB009A5C59 /* TabHeaderCell.swift in Sources */ = {isa = PBXBuildFile; fileRef = AFA9ED3D2BDF7DDB009A5C59 /* TabHeaderCell.swift */; };
		AFA9ED402BDF8F10009A5C59 /* UILabel+.swift in Sources */ = {isa = PBXBuildFile; fileRef = AFA9ED3F2BDF8F10009A5C59 /* UILabel+.swift */; };
		AFA9ED432BDF996B009A5C59 /* Poster.swift in Sources */ = {isa = PBXBuildFile; fileRef = AFA9ED422BDF996B009A5C59 /* Poster.swift */; };
		AFA9ED482BDF9E0A009A5C59 /* PosterPageControl.swift in Sources */ = {isa = PBXBuildFile; fileRef = AFA9ED472BDF9E0A009A5C59 /* PosterPageControl.swift */; };
		AFA9ED4B2BDFA290009A5C59 /* LookinServer in Frameworks */ = {isa = PBXBuildFile; productRef = AFA9ED4A2BDFA290009A5C59 /* LookinServer */; };
		AFBA84B82BEA045E0070E34C /* Int+.swift in Sources */ = {isa = PBXBuildFile; fileRef = AFBA84B72BEA045E0070E34C /* Int+.swift */; };
		AFD10AEA2BDBA1BD0073F57D /* PosterCell.swift in Sources */ = {isa = PBXBuildFile; fileRef = AFD10AE92BDBA1BD0073F57D /* PosterCell.swift */; };
		AFD10AEC2BDBA33E0073F57D /* ContentCell.swift in Sources */ = {isa = PBXBuildFile; fileRef = AFD10AEB2BDBA33E0073F57D /* ContentCell.swift */; };
		AFD10AEE2BDBA4950073F57D /* HomeViewController.swift in Sources */ = {isa = PBXBuildFile; fileRef = AFD10AED2BDBA4950073F57D /* HomeViewController.swift */; };
		AFDC38E52BCD19C9007937E6 /* NicknameViewController.swift in Sources */ = {isa = PBXBuildFile; fileRef = AFDC38E42BCD19C9007937E6 /* NicknameViewController.swift */; };
/* End PBXBuildFile section */

/* Begin PBXCopyFilesBuildPhase section */
		AF492DE72BCD205C00FA0FCA /* Embed Frameworks */ = {
			isa = PBXCopyFilesBuildPhase;
			buildActionMask = 2147483647;
			dstPath = "";
			dstSubfolderSpec = 10;
			files = (
			);
			name = "Embed Frameworks";
			runOnlyForDeploymentPostprocessing = 0;
		};
/* End PBXCopyFilesBuildPhase section */

/* Begin PBXFileReference section */
		AF018FBD2BE8C13200DB2C0B /* MovieCell.swift */ = {isa = PBXFileReference; lastKnownFileType = sourcecode.swift; path = MovieCell.swift; sourceTree = "<group>"; };
		AF018FBF2BE8C4DD00DB2C0B /* MoyaProvider+.swift */ = {isa = PBXFileReference; lastKnownFileType = sourcecode.swift; path = "MoyaProvider+.swift"; sourceTree = "<group>"; };
		AF10B3BC2BC6AACF001AFDF7 /* 34th-Sopt-Assignment.app */ = {isa = PBXFileReference; explicitFileType = wrapper.application; includeInIndex = 0; path = "34th-Sopt-Assignment.app"; sourceTree = BUILT_PRODUCTS_DIR; };
		AF10B3BF2BC6AACF001AFDF7 /* AppDelegate.swift */ = {isa = PBXFileReference; lastKnownFileType = sourcecode.swift; path = AppDelegate.swift; sourceTree = "<group>"; };
		AF10B3C12BC6AACF001AFDF7 /* SceneDelegate.swift */ = {isa = PBXFileReference; lastKnownFileType = sourcecode.swift; path = SceneDelegate.swift; sourceTree = "<group>"; };
		AF10B3C32BC6AACF001AFDF7 /* LoginViewController.swift */ = {isa = PBXFileReference; lastKnownFileType = sourcecode.swift; path = LoginViewController.swift; sourceTree = "<group>"; };
		AF10B3C62BC6AACF001AFDF7 /* Base */ = {isa = PBXFileReference; lastKnownFileType = file.storyboard; name = Base; path = Base.lproj/Main.storyboard; sourceTree = "<group>"; };
		AF10B3C82BC6AAD1001AFDF7 /* Assets.xcassets */ = {isa = PBXFileReference; lastKnownFileType = folder.assetcatalog; path = Assets.xcassets; sourceTree = "<group>"; };
		AF10B3CB2BC6AAD1001AFDF7 /* Base */ = {isa = PBXFileReference; lastKnownFileType = file.storyboard; name = Base; path = Base.lproj/LaunchScreen.storyboard; sourceTree = "<group>"; };
		AF10B3CD2BC6AAD1001AFDF7 /* Info.plist */ = {isa = PBXFileReference; lastKnownFileType = text.plist.xml; path = Info.plist; sourceTree = "<group>"; };
		AF3616702BCD6B890019185A /* UITextField+.swift */ = {isa = PBXFileReference; lastKnownFileType = sourcecode.swift; path = "UITextField+.swift"; sourceTree = "<group>"; };
		AF6832B52BCCF39400932406 /* UIColor+.swift */ = {isa = PBXFileReference; lastKnownFileType = sourcecode.swift; path = "UIColor+.swift"; sourceTree = "<group>"; };
		AF6832B72BCCF4EC00932406 /* String+.swift */ = {isa = PBXFileReference; lastKnownFileType = sourcecode.swift; path = "String+.swift"; sourceTree = "<group>"; };
		AF6832D42BCCF7BD00932406 /* Pretendard-ExtraBold.ttf */ = {isa = PBXFileReference; lastKnownFileType = file; path = "Pretendard-ExtraBold.ttf"; sourceTree = "<group>"; };
		AF6832D52BCCF7BD00932406 /* Pretendard-Black.ttf */ = {isa = PBXFileReference; lastKnownFileType = file; path = "Pretendard-Black.ttf"; sourceTree = "<group>"; };
		AF6832D62BCCF7BD00932406 /* Pretendard-Light.ttf */ = {isa = PBXFileReference; lastKnownFileType = file; path = "Pretendard-Light.ttf"; sourceTree = "<group>"; };
		AF6832D72BCCF7BD00932406 /* Pretendard-Bold.ttf */ = {isa = PBXFileReference; lastKnownFileType = file; path = "Pretendard-Bold.ttf"; sourceTree = "<group>"; };
		AF6832D82BCCF7BD00932406 /* Pretendard-Regular.ttf */ = {isa = PBXFileReference; lastKnownFileType = file; path = "Pretendard-Regular.ttf"; sourceTree = "<group>"; };
		AF6832D92BCCF7BD00932406 /* Pretendard-SemiBold.ttf */ = {isa = PBXFileReference; lastKnownFileType = file; path = "Pretendard-SemiBold.ttf"; sourceTree = "<group>"; };
		AF6832DA2BCCF7BD00932406 /* Pretendard-Thin.ttf */ = {isa = PBXFileReference; lastKnownFileType = file; path = "Pretendard-Thin.ttf"; sourceTree = "<group>"; };
		AF6832DB2BCCF7BD00932406 /* Pretendard-ExtraLight.ttf */ = {isa = PBXFileReference; lastKnownFileType = file; path = "Pretendard-ExtraLight.ttf"; sourceTree = "<group>"; };
		AF6832DC2BCCF7BD00932406 /* Pretendard-Medium.ttf */ = {isa = PBXFileReference; lastKnownFileType = file; path = "Pretendard-Medium.ttf"; sourceTree = "<group>"; };
		AF6832E62BCCFC6500932406 /* UIButton+.swift */ = {isa = PBXFileReference; lastKnownFileType = sourcecode.swift; path = "UIButton+.swift"; sourceTree = "<group>"; };
		AF6832E92BCD0DFA00932406 /* ClearButton.swift */ = {isa = PBXFileReference; lastKnownFileType = sourcecode.swift; path = ClearButton.swift; sourceTree = "<group>"; };
		AF6832EC2BCD0EDB00932406 /* CustomPadding.swift */ = {isa = PBXFileReference; lastKnownFileType = sourcecode.swift; path = CustomPadding.swift; sourceTree = "<group>"; };
		AF6832EE2BCD0FE300932406 /* VisibleButton.swift */ = {isa = PBXFileReference; lastKnownFileType = sourcecode.swift; path = VisibleButton.swift; sourceTree = "<group>"; };
		AF6832F02BCD12A900932406 /* WelcomeViewController.swift */ = {isa = PBXFileReference; lastKnownFileType = sourcecode.swift; path = WelcomeViewController.swift; sourceTree = "<group>"; };
		AF7A0C022BE8B14600A9885C /* Config.swift */ = {isa = PBXFileReference; lastKnownFileType = sourcecode.swift; path = Config.swift; sourceTree = "<group>"; };
		AF7A0C042BE8B20E00A9885C /* NetworkResult.swift */ = {isa = PBXFileReference; lastKnownFileType = sourcecode.swift; path = NetworkResult.swift; sourceTree = "<group>"; };
		AF7A0C062BE8B21F00A9885C /* MoyaLoggingPlugin.swift */ = {isa = PBXFileReference; lastKnownFileType = sourcecode.swift; path = MoyaLoggingPlugin.swift; sourceTree = "<group>"; };
		AF7A0C082BE8B22C00A9885C /* APITarget.swift */ = {isa = PBXFileReference; lastKnownFileType = sourcecode.swift; path = APITarget.swift; sourceTree = "<group>"; };
		AF7A0C0A2BE8B4B100A9885C /* MovieService.swift */ = {isa = PBXFileReference; lastKnownFileType = sourcecode.swift; path = MovieService.swift; sourceTree = "<group>"; };
		AF7A0C0C2BE8B4DB00A9885C /* APITarget+Movie.swift */ = {isa = PBXFileReference; lastKnownFileType = sourcecode.swift; path = "APITarget+Movie.swift"; sourceTree = "<group>"; };
		AF7A0C0E2BE8B54900A9885C /* FetchMovieRequest.swift */ = {isa = PBXFileReference; lastKnownFileType = sourcecode.swift; path = FetchMovieRequest.swift; sourceTree = "<group>"; };
		AF7A0C102BE8B5CF00A9885C /* FetchMovieResponse.swift */ = {isa = PBXFileReference; lastKnownFileType = sourcecode.swift; path = FetchMovieResponse.swift; sourceTree = "<group>"; };
		AF7A0C122BE8B64B00A9885C /* MovieModel.swift */ = {isa = PBXFileReference; lastKnownFileType = sourcecode.swift; path = MovieModel.swift; sourceTree = "<group>"; };
		AF7A0C142BE8B91200A9885C /* MovieListViewController.swift */ = {isa = PBXFileReference; lastKnownFileType = sourcecode.swift; path = MovieListViewController.swift; sourceTree = "<group>"; };
		AFA9ED372BDD599E009A5C59 /* MockData.swift */ = {isa = PBXFileReference; lastKnownFileType = sourcecode.swift; path = MockData.swift; sourceTree = "<group>"; };
		AFA9ED392BDEA9A9009A5C59 /* HeaderView.swift */ = {isa = PBXFileReference; lastKnownFileType = sourcecode.swift; path = HeaderView.swift; sourceTree = "<group>"; };
		AFA9ED3B2BDF7BB8009A5C59 /* TabHeaderView.swift */ = {isa = PBXFileReference; lastKnownFileType = sourcecode.swift; path = TabHeaderView.swift; sourceTree = "<group>"; };
		AFA9ED3D2BDF7DDB009A5C59 /* TabHeaderCell.swift */ = {isa = PBXFileReference; lastKnownFileType = sourcecode.swift; path = TabHeaderCell.swift; sourceTree = "<group>"; };
		AFA9ED3F2BDF8F10009A5C59 /* UILabel+.swift */ = {isa = PBXFileReference; lastKnownFileType = sourcecode.swift; path = "UILabel+.swift"; sourceTree = "<group>"; };
		AFA9ED422BDF996B009A5C59 /* Poster.swift */ = {isa = PBXFileReference; lastKnownFileType = sourcecode.swift; path = Poster.swift; sourceTree = "<group>"; };
		AFA9ED472BDF9E0A009A5C59 /* PosterPageControl.swift */ = {isa = PBXFileReference; lastKnownFileType = sourcecode.swift; path = PosterPageControl.swift; sourceTree = "<group>"; };
		AFBA84B72BEA045E0070E34C /* Int+.swift */ = {isa = PBXFileReference; lastKnownFileType = sourcecode.swift; path = "Int+.swift"; sourceTree = "<group>"; };
		AFD10AE92BDBA1BD0073F57D /* PosterCell.swift */ = {isa = PBXFileReference; lastKnownFileType = sourcecode.swift; path = PosterCell.swift; sourceTree = "<group>"; };
		AFD10AEB2BDBA33E0073F57D /* ContentCell.swift */ = {isa = PBXFileReference; lastKnownFileType = sourcecode.swift; path = ContentCell.swift; sourceTree = "<group>"; };
		AFD10AED2BDBA4950073F57D /* HomeViewController.swift */ = {isa = PBXFileReference; lastKnownFileType = sourcecode.swift; path = HomeViewController.swift; sourceTree = "<group>"; };
		AFDC38E42BCD19C9007937E6 /* NicknameViewController.swift */ = {isa = PBXFileReference; lastKnownFileType = sourcecode.swift; path = NicknameViewController.swift; sourceTree = "<group>"; };
/* End PBXFileReference section */

/* Begin PBXFrameworksBuildPhase section */
		AF10B3B92BC6AACF001AFDF7 /* Frameworks */ = {
			isa = PBXFrameworksBuildPhase;
			buildActionMask = 2147483647;
			files = (
				AF6832A42BCCF28600932406 /* SnapKit in Frameworks */,
				AFA9ED4B2BDFA290009A5C59 /* LookinServer in Frameworks */,
				AF7A0C002BE8B0E500A9885C /* Moya in Frameworks */,
				AF6832A62BCCF28600932406 /* SnapKit-Dynamic in Frameworks */,
			);
			runOnlyForDeploymentPostprocessing = 0;
		};
/* End PBXFrameworksBuildPhase section */

/* Begin PBXGroup section */
		AF10B3B32BC6AACF001AFDF7 = {
			isa = PBXGroup;
			children = (
				AF10B3BE2BC6AACF001AFDF7 /* 34th-Sopt-Assignment */,
				AF10B3BD2BC6AACF001AFDF7 /* Products */,
			);
			sourceTree = "<group>";
		};
		AF10B3BD2BC6AACF001AFDF7 /* Products */ = {
			isa = PBXGroup;
			children = (
				AF10B3BC2BC6AACF001AFDF7 /* 34th-Sopt-Assignment.app */,
			);
			name = Products;
			sourceTree = "<group>";
		};
		AF10B3BE2BC6AACF001AFDF7 /* 34th-Sopt-Assignment */ = {
			isa = PBXGroup;
			children = (
				AF7A0C012BE8B13F00A9885C /* Network */,
				AFA9ED8F2BE0DED7009A5C59 /* Resources */,
				AFA9ED8E2BE0DEC1009A5C59 /* Application */,
				AFA9ED412BDF9967009A5C59 /* Model */,
				AF492DE82BCD207F00FA0FCA /* ViewController */,
				AF6832E82BCD0DE800932406 /* Components */,
				AF6832B12BCCF34100932406 /* Extensions */,
			);
			path = "34th-Sopt-Assignment";
			sourceTree = "<group>";
		};
		AF492DE82BCD207F00FA0FCA /* ViewController */ = {
			isa = PBXGroup;
			children = (
				AFA9ED792BE09210009A5C59 /* View */,
				AFA9ED442BDF9CEA009A5C59 /* Cell */,
				AFD10AED2BDBA4950073F57D /* HomeViewController.swift */,
				AF10B3C32BC6AACF001AFDF7 /* LoginViewController.swift */,
				AF6832F02BCD12A900932406 /* WelcomeViewController.swift */,
				AFDC38E42BCD19C9007937E6 /* NicknameViewController.swift */,
				AF7A0C142BE8B91200A9885C /* MovieListViewController.swift */,
			);
			path = ViewController;
			sourceTree = "<group>";
		};
		AF6832A72BCCF2D800932406 /* Fonts */ = {
			isa = PBXGroup;
			children = (
				AF6832D52BCCF7BD00932406 /* Pretendard-Black.ttf */,
				AF6832D72BCCF7BD00932406 /* Pretendard-Bold.ttf */,
				AF6832D42BCCF7BD00932406 /* Pretendard-ExtraBold.ttf */,
				AF6832DB2BCCF7BD00932406 /* Pretendard-ExtraLight.ttf */,
				AF6832D62BCCF7BD00932406 /* Pretendard-Light.ttf */,
				AF6832DC2BCCF7BD00932406 /* Pretendard-Medium.ttf */,
				AF6832D82BCCF7BD00932406 /* Pretendard-Regular.ttf */,
				AF6832D92BCCF7BD00932406 /* Pretendard-SemiBold.ttf */,
				AF6832DA2BCCF7BD00932406 /* Pretendard-Thin.ttf */,
			);
			path = Fonts;
			sourceTree = "<group>";
		};
		AF6832B12BCCF34100932406 /* Extensions */ = {
			isa = PBXGroup;
			children = (
				AF6832B52BCCF39400932406 /* UIColor+.swift */,
				AF6832B72BCCF4EC00932406 /* String+.swift */,
				AF6832E62BCCFC6500932406 /* UIButton+.swift */,
				AFBA84B72BEA045E0070E34C /* Int+.swift */,
				AF3616702BCD6B890019185A /* UITextField+.swift */,
				AFA9ED3F2BDF8F10009A5C59 /* UILabel+.swift */,
			);
			path = Extensions;
			sourceTree = "<group>";
		};
		AF6832E82BCD0DE800932406 /* Components */ = {
			isa = PBXGroup;
			children = (
				AF6832E92BCD0DFA00932406 /* ClearButton.swift */,
				AF6832EC2BCD0EDB00932406 /* CustomPadding.swift */,
				AF6832EE2BCD0FE300932406 /* VisibleButton.swift */,
			);
			path = Components;
			sourceTree = "<group>";
		};
		AF7A0C012BE8B13F00A9885C /* Network */ = {
			isa = PBXGroup;
			children = (
				AF7A0C022BE8B14600A9885C /* Config.swift */,
				AF7A0C042BE8B20E00A9885C /* NetworkResult.swift */,
				AF7A0C062BE8B21F00A9885C /* MoyaLoggingPlugin.swift */,
				AF7A0C082BE8B22C00A9885C /* APITarget.swift */,
				AF7A0C0C2BE8B4DB00A9885C /* APITarget+Movie.swift */,
				AF7A0C0A2BE8B4B100A9885C /* MovieService.swift */,
				AF018FBF2BE8C4DD00DB2C0B /* MoyaProvider+.swift */,
			);
			path = Network;
			sourceTree = "<group>";
		};
		AFA9ED412BDF9967009A5C59 /* Model */ = {
			isa = PBXGroup;
			children = (
				AFA9ED372BDD599E009A5C59 /* MockData.swift */,
				AFA9ED422BDF996B009A5C59 /* Poster.swift */,
				AF7A0C0E2BE8B54900A9885C /* FetchMovieRequest.swift */,
				AF7A0C102BE8B5CF00A9885C /* FetchMovieResponse.swift */,
				AF7A0C122BE8B64B00A9885C /* MovieModel.swift */,
			);
			path = Model;
			sourceTree = "<group>";
		};
		AFA9ED442BDF9CEA009A5C59 /* Cell */ = {
			isa = PBXGroup;
			children = (
				AFD10AE92BDBA1BD0073F57D /* PosterCell.swift */,
				AFD10AEB2BDBA33E0073F57D /* ContentCell.swift */,
				AFA9ED3D2BDF7DDB009A5C59 /* TabHeaderCell.swift */,
			);
			path = Cell;
			sourceTree = "<group>";
		};
		AFA9ED792BE09210009A5C59 /* View */ = {
			isa = PBXGroup;
			children = (
				AFA9ED392BDEA9A9009A5C59 /* HeaderView.swift */,
				AFA9ED472BDF9E0A009A5C59 /* PosterPageControl.swift */,
				AFA9ED3B2BDF7BB8009A5C59 /* TabHeaderView.swift */,
				AF018FBD2BE8C13200DB2C0B /* MovieCell.swift */,
			);
			path = View;
			sourceTree = "<group>";
		};
		AFA9ED8E2BE0DEC1009A5C59 /* Application */ = {
			isa = PBXGroup;
			children = (
				AF10B3CD2BC6AAD1001AFDF7 /* Info.plist */,
				AF10B3BF2BC6AACF001AFDF7 /* AppDelegate.swift */,
				AF10B3C12BC6AACF001AFDF7 /* SceneDelegate.swift */,
			);
			path = Application;
			sourceTree = "<group>";
		};
		AFA9ED8F2BE0DED7009A5C59 /* Resources */ = {
			isa = PBXGroup;
			children = (
				AF10B3C52BC6AACF001AFDF7 /* Main.storyboard */,
				AF10B3C82BC6AAD1001AFDF7 /* Assets.xcassets */,
				AF10B3CA2BC6AAD1001AFDF7 /* LaunchScreen.storyboard */,
				AF6832A72BCCF2D800932406 /* Fonts */,
			);
			path = Resources;
			sourceTree = "<group>";
		};
/* End PBXGroup section */

/* Begin PBXNativeTarget section */
		AF10B3BB2BC6AACF001AFDF7 /* 34th-Sopt-Assignment */ = {
			isa = PBXNativeTarget;
			buildConfigurationList = AF10B3D02BC6AAD1001AFDF7 /* Build configuration list for PBXNativeTarget "34th-Sopt-Assignment" */;
			buildPhases = (
				AF10B3B82BC6AACF001AFDF7 /* Sources */,
				AF10B3B92BC6AACF001AFDF7 /* Frameworks */,
				AF10B3BA2BC6AACF001AFDF7 /* Resources */,
				AF492DE72BCD205C00FA0FCA /* Embed Frameworks */,
			);
			buildRules = (
			);
			dependencies = (
			);
			name = "34th-Sopt-Assignment";
			packageProductDependencies = (
				AF6832A32BCCF28600932406 /* SnapKit */,
				AF6832A52BCCF28600932406 /* SnapKit-Dynamic */,
				AFA9ED4A2BDFA290009A5C59 /* LookinServer */,
				AF7A0BFF2BE8B0E500A9885C /* Moya */,
			);
			productName = "34th-Sopt-Assignment";
			productReference = AF10B3BC2BC6AACF001AFDF7 /* 34th-Sopt-Assignment.app */;
			productType = "com.apple.product-type.application";
		};
/* End PBXNativeTarget section */

/* Begin PBXProject section */
		AF10B3B42BC6AACF001AFDF7 /* Project object */ = {
			isa = PBXProject;
			attributes = {
				BuildIndependentTargetsInParallel = 1;
				LastSwiftUpdateCheck = 1500;
				LastUpgradeCheck = 1500;
				TargetAttributes = {
					AF10B3BB2BC6AACF001AFDF7 = {
						CreatedOnToolsVersion = 15.0.1;
					};
				};
			};
			buildConfigurationList = AF10B3B72BC6AACF001AFDF7 /* Build configuration list for PBXProject "34th-Sopt-Assignment" */;
			compatibilityVersion = "Xcode 14.0";
			developmentRegion = en;
			hasScannedForEncodings = 0;
			knownRegions = (
				en,
				Base,
			);
			mainGroup = AF10B3B32BC6AACF001AFDF7;
			packageReferences = (
				AF6832A22BCCF28600932406 /* XCRemoteSwiftPackageReference "SnapKit" */,
				AFA9ED492BDFA290009A5C59 /* XCRemoteSwiftPackageReference "LookinServer" */,
				AF7A0BFE2BE8B0E500A9885C /* XCRemoteSwiftPackageReference "Moya" */,
			);
			productRefGroup = AF10B3BD2BC6AACF001AFDF7 /* Products */;
			projectDirPath = "";
			projectRoot = "";
			targets = (
				AF10B3BB2BC6AACF001AFDF7 /* 34th-Sopt-Assignment */,
			);
		};
/* End PBXProject section */

/* Begin PBXResourcesBuildPhase section */
		AF10B3BA2BC6AACF001AFDF7 /* Resources */ = {
			isa = PBXResourcesBuildPhase;
			buildActionMask = 2147483647;
			files = (
				AF6832E22BCCF7BD00932406 /* Pretendard-SemiBold.ttf in Resources */,
				AF6832DF2BCCF7BD00932406 /* Pretendard-Light.ttf in Resources */,
				AF10B3CC2BC6AAD1001AFDF7 /* LaunchScreen.storyboard in Resources */,
				AF6832E12BCCF7BD00932406 /* Pretendard-Regular.ttf in Resources */,
				AF10B3C92BC6AAD1001AFDF7 /* Assets.xcassets in Resources */,
				AF10B3C72BC6AACF001AFDF7 /* Main.storyboard in Resources */,
				AF6832E32BCCF7BD00932406 /* Pretendard-Thin.ttf in Resources */,
				AF6832DD2BCCF7BD00932406 /* Pretendard-ExtraBold.ttf in Resources */,
				AF6832E52BCCF7BD00932406 /* Pretendard-Medium.ttf in Resources */,
				AF6832DE2BCCF7BD00932406 /* Pretendard-Black.ttf in Resources */,
				AF6832E02BCCF7BD00932406 /* Pretendard-Bold.ttf in Resources */,
				AF6832E42BCCF7BD00932406 /* Pretendard-ExtraLight.ttf in Resources */,
			);
			runOnlyForDeploymentPostprocessing = 0;
		};
/* End PBXResourcesBuildPhase section */

/* Begin PBXSourcesBuildPhase section */
		AF10B3B82BC6AACF001AFDF7 /* Sources */ = {
			isa = PBXSourcesBuildPhase;
			buildActionMask = 2147483647;
			files = (
				AF10B3C42BC6AACF001AFDF7 /* LoginViewController.swift in Sources */,
				AF7A0C092BE8B22C00A9885C /* APITarget.swift in Sources */,
				AFA9ED3A2BDEA9AA009A5C59 /* HeaderView.swift in Sources */,
				AFA9ED3E2BDF7DDB009A5C59 /* TabHeaderCell.swift in Sources */,
				AFD10AEC2BDBA33E0073F57D /* ContentCell.swift in Sources */,
				AF6832E72BCCFC6500932406 /* UIButton+.swift in Sources */,
				AF7A0C0B2BE8B4B100A9885C /* MovieService.swift in Sources */,
				AF6832F12BCD12A900932406 /* WelcomeViewController.swift in Sources */,
				AF018FC02BE8C4DD00DB2C0B /* MoyaProvider+.swift in Sources */,
				AF3616712BCD6B890019185A /* UITextField+.swift in Sources */,
				AFD10AEE2BDBA4950073F57D /* HomeViewController.swift in Sources */,
				AF6832ED2BCD0EDB00932406 /* CustomPadding.swift in Sources */,
				AFBA84B82BEA045E0070E34C /* Int+.swift in Sources */,
				AFD10AEA2BDBA1BD0073F57D /* PosterCell.swift in Sources */,
				AFA9ED432BDF996B009A5C59 /* Poster.swift in Sources */,
				AFDC38E52BCD19C9007937E6 /* NicknameViewController.swift in Sources */,
				AF018FBE2BE8C13200DB2C0B /* MovieCell.swift in Sources */,
				AF10B3C02BC6AACF001AFDF7 /* AppDelegate.swift in Sources */,
				AFA9ED3C2BDF7BB8009A5C59 /* TabHeaderView.swift in Sources */,
				AF10B3C22BC6AACF001AFDF7 /* SceneDelegate.swift in Sources */,
				AF7A0C052BE8B20E00A9885C /* NetworkResult.swift in Sources */,
				AF6832EF2BCD0FE300932406 /* VisibleButton.swift in Sources */,
				AF7A0C152BE8B91200A9885C /* MovieListViewController.swift in Sources */,
				AF7A0C132BE8B64B00A9885C /* MovieModel.swift in Sources */,
				AF6832B82BCCF4EC00932406 /* String+.swift in Sources */,
				AF7A0C0F2BE8B54900A9885C /* FetchMovieRequest.swift in Sources */,
				AF7A0C0D2BE8B4DB00A9885C /* APITarget+Movie.swift in Sources */,
				AFA9ED382BDD599E009A5C59 /* MockData.swift in Sources */,
				AF7A0C032BE8B14600A9885C /* Config.swift in Sources */,
				AF7A0C072BE8B21F00A9885C /* MoyaLoggingPlugin.swift in Sources */,
				AF6832B62BCCF39400932406 /* UIColor+.swift in Sources */,
				AF7A0C112BE8B5CF00A9885C /* FetchMovieResponse.swift in Sources */,
				AFA9ED402BDF8F10009A5C59 /* UILabel+.swift in Sources */,
				AFA9ED482BDF9E0A009A5C59 /* PosterPageControl.swift in Sources */,
				AF6832EA2BCD0DFA00932406 /* ClearButton.swift in Sources */,
			);
			runOnlyForDeploymentPostprocessing = 0;
		};
/* End PBXSourcesBuildPhase section */

/* Begin PBXVariantGroup section */
		AF10B3C52BC6AACF001AFDF7 /* Main.storyboard */ = {
			isa = PBXVariantGroup;
			children = (
				AF10B3C62BC6AACF001AFDF7 /* Base */,
			);
			name = Main.storyboard;
			sourceTree = "<group>";
		};
		AF10B3CA2BC6AAD1001AFDF7 /* LaunchScreen.storyboard */ = {
			isa = PBXVariantGroup;
			children = (
				AF10B3CB2BC6AAD1001AFDF7 /* Base */,
			);
			name = LaunchScreen.storyboard;
			sourceTree = "<group>";
		};
/* End PBXVariantGroup section */

/* Begin XCBuildConfiguration section */
		AF10B3CE2BC6AAD1001AFDF7 /* Debug */ = {
			isa = XCBuildConfiguration;
			buildSettings = {
				ALWAYS_SEARCH_USER_PATHS = NO;
				ASSETCATALOG_COMPILER_GENERATE_SWIFT_ASSET_SYMBOL_EXTENSIONS = YES;
				CLANG_ANALYZER_NONNULL = YES;
				CLANG_ANALYZER_NUMBER_OBJECT_CONVERSION = YES_AGGRESSIVE;
				CLANG_CXX_LANGUAGE_STANDARD = "gnu++20";
				CLANG_ENABLE_MODULES = YES;
				CLANG_ENABLE_OBJC_ARC = YES;
				CLANG_ENABLE_OBJC_WEAK = YES;
				CLANG_WARN_BLOCK_CAPTURE_AUTORELEASING = YES;
				CLANG_WARN_BOOL_CONVERSION = YES;
				CLANG_WARN_COMMA = YES;
				CLANG_WARN_CONSTANT_CONVERSION = YES;
				CLANG_WARN_DEPRECATED_OBJC_IMPLEMENTATIONS = YES;
				CLANG_WARN_DIRECT_OBJC_ISA_USAGE = YES_ERROR;
				CLANG_WARN_DOCUMENTATION_COMMENTS = YES;
				CLANG_WARN_EMPTY_BODY = YES;
				CLANG_WARN_ENUM_CONVERSION = YES;
				CLANG_WARN_INFINITE_RECURSION = YES;
				CLANG_WARN_INT_CONVERSION = YES;
				CLANG_WARN_NON_LITERAL_NULL_CONVERSION = YES;
				CLANG_WARN_OBJC_IMPLICIT_RETAIN_SELF = YES;
				CLANG_WARN_OBJC_LITERAL_CONVERSION = YES;
				CLANG_WARN_OBJC_ROOT_CLASS = YES_ERROR;
				CLANG_WARN_QUOTED_INCLUDE_IN_FRAMEWORK_HEADER = YES;
				CLANG_WARN_RANGE_LOOP_ANALYSIS = YES;
				CLANG_WARN_STRICT_PROTOTYPES = YES;
				CLANG_WARN_SUSPICIOUS_MOVE = YES;
				CLANG_WARN_UNGUARDED_AVAILABILITY = YES_AGGRESSIVE;
				CLANG_WARN_UNREACHABLE_CODE = YES;
				CLANG_WARN__DUPLICATE_METHOD_MATCH = YES;
				COPY_PHASE_STRIP = NO;
				DEBUG_INFORMATION_FORMAT = dwarf;
				ENABLE_STRICT_OBJC_MSGSEND = YES;
				ENABLE_TESTABILITY = YES;
				ENABLE_USER_SCRIPT_SANDBOXING = YES;
				GCC_C_LANGUAGE_STANDARD = gnu17;
				GCC_DYNAMIC_NO_PIC = NO;
				GCC_NO_COMMON_BLOCKS = YES;
				GCC_OPTIMIZATION_LEVEL = 0;
				GCC_PREPROCESSOR_DEFINITIONS = (
					"DEBUG=1",
					"$(inherited)",
				);
				GCC_WARN_64_TO_32_BIT_CONVERSION = YES;
				GCC_WARN_ABOUT_RETURN_TYPE = YES_ERROR;
				GCC_WARN_UNDECLARED_SELECTOR = YES;
				GCC_WARN_UNINITIALIZED_AUTOS = YES_AGGRESSIVE;
				GCC_WARN_UNUSED_FUNCTION = YES;
				GCC_WARN_UNUSED_VARIABLE = YES;
				IPHONEOS_DEPLOYMENT_TARGET = 17.0;
				LOCALIZATION_PREFERS_STRING_CATALOGS = YES;
				MTL_ENABLE_DEBUG_INFO = INCLUDE_SOURCE;
				MTL_FAST_MATH = YES;
				ONLY_ACTIVE_ARCH = YES;
				SDKROOT = iphoneos;
				SWIFT_ACTIVE_COMPILATION_CONDITIONS = "DEBUG $(inherited)";
				SWIFT_OPTIMIZATION_LEVEL = "-Onone";
			};
			name = Debug;
		};
		AF10B3CF2BC6AAD1001AFDF7 /* Release */ = {
			isa = XCBuildConfiguration;
			buildSettings = {
				ALWAYS_SEARCH_USER_PATHS = NO;
				ASSETCATALOG_COMPILER_GENERATE_SWIFT_ASSET_SYMBOL_EXTENSIONS = YES;
				CLANG_ANALYZER_NONNULL = YES;
				CLANG_ANALYZER_NUMBER_OBJECT_CONVERSION = YES_AGGRESSIVE;
				CLANG_CXX_LANGUAGE_STANDARD = "gnu++20";
				CLANG_ENABLE_MODULES = YES;
				CLANG_ENABLE_OBJC_ARC = YES;
				CLANG_ENABLE_OBJC_WEAK = YES;
				CLANG_WARN_BLOCK_CAPTURE_AUTORELEASING = YES;
				CLANG_WARN_BOOL_CONVERSION = YES;
				CLANG_WARN_COMMA = YES;
				CLANG_WARN_CONSTANT_CONVERSION = YES;
				CLANG_WARN_DEPRECATED_OBJC_IMPLEMENTATIONS = YES;
				CLANG_WARN_DIRECT_OBJC_ISA_USAGE = YES_ERROR;
				CLANG_WARN_DOCUMENTATION_COMMENTS = YES;
				CLANG_WARN_EMPTY_BODY = YES;
				CLANG_WARN_ENUM_CONVERSION = YES;
				CLANG_WARN_INFINITE_RECURSION = YES;
				CLANG_WARN_INT_CONVERSION = YES;
				CLANG_WARN_NON_LITERAL_NULL_CONVERSION = YES;
				CLANG_WARN_OBJC_IMPLICIT_RETAIN_SELF = YES;
				CLANG_WARN_OBJC_LITERAL_CONVERSION = YES;
				CLANG_WARN_OBJC_ROOT_CLASS = YES_ERROR;
				CLANG_WARN_QUOTED_INCLUDE_IN_FRAMEWORK_HEADER = YES;
				CLANG_WARN_RANGE_LOOP_ANALYSIS = YES;
				CLANG_WARN_STRICT_PROTOTYPES = YES;
				CLANG_WARN_SUSPICIOUS_MOVE = YES;
				CLANG_WARN_UNGUARDED_AVAILABILITY = YES_AGGRESSIVE;
				CLANG_WARN_UNREACHABLE_CODE = YES;
				CLANG_WARN__DUPLICATE_METHOD_MATCH = YES;
				COPY_PHASE_STRIP = NO;
				DEBUG_INFORMATION_FORMAT = "dwarf-with-dsym";
				ENABLE_NS_ASSERTIONS = NO;
				ENABLE_STRICT_OBJC_MSGSEND = YES;
				ENABLE_USER_SCRIPT_SANDBOXING = YES;
				GCC_C_LANGUAGE_STANDARD = gnu17;
				GCC_NO_COMMON_BLOCKS = YES;
				GCC_WARN_64_TO_32_BIT_CONVERSION = YES;
				GCC_WARN_ABOUT_RETURN_TYPE = YES_ERROR;
				GCC_WARN_UNDECLARED_SELECTOR = YES;
				GCC_WARN_UNINITIALIZED_AUTOS = YES_AGGRESSIVE;
				GCC_WARN_UNUSED_FUNCTION = YES;
				GCC_WARN_UNUSED_VARIABLE = YES;
				IPHONEOS_DEPLOYMENT_TARGET = 17.0;
				LOCALIZATION_PREFERS_STRING_CATALOGS = YES;
				MTL_ENABLE_DEBUG_INFO = NO;
				MTL_FAST_MATH = YES;
				SDKROOT = iphoneos;
				SWIFT_COMPILATION_MODE = wholemodule;
				VALIDATE_PRODUCT = YES;
			};
			name = Release;
		};
		AF10B3D12BC6AAD1001AFDF7 /* Debug */ = {
			isa = XCBuildConfiguration;
			buildSettings = {
				ASSETCATALOG_COMPILER_APPICON_NAME = AppIcon;
				ASSETCATALOG_COMPILER_GLOBAL_ACCENT_COLOR_NAME = AccentColor;
				BASE_URL = "http://www.kobis.or.kr/kobisopenapi/webservice/rest/boxoffice/searchDailyBoxOfficeList.json";
				CODE_SIGN_STYLE = Automatic;
				CURRENT_PROJECT_VERSION = 1;
				DEVELOPMENT_TEAM = 8R3N359429;
				GENERATE_INFOPLIST_FILE = YES;
				INFOPLIST_FILE = "34th-Sopt-Assignment/Application/Info.plist";
				INFOPLIST_KEY_UIApplicationSupportsIndirectInputEvents = YES;
				INFOPLIST_KEY_UILaunchStoryboardName = LaunchScreen;
				INFOPLIST_KEY_UIMainStoryboardFile = Main;
				INFOPLIST_KEY_UISupportedInterfaceOrientations_iPad = "UIInterfaceOrientationPortrait UIInterfaceOrientationPortraitUpsideDown UIInterfaceOrientationLandscapeLeft UIInterfaceOrientationLandscapeRight";
				INFOPLIST_KEY_UISupportedInterfaceOrientations_iPhone = "UIInterfaceOrientationPortrait UIInterfaceOrientationLandscapeLeft UIInterfaceOrientationLandscapeRight";
				LD_RUNPATH_SEARCH_PATHS = (
					"$(inherited)",
					"@executable_path/Frameworks",
				);
				MARKETING_VERSION = 1.0;
				PRODUCT_BUNDLE_IDENTIFIER = "com.kozi.-4th-Sopt-Assignment";
				PRODUCT_NAME = "$(TARGET_NAME)";
				SWIFT_EMIT_LOC_STRINGS = YES;
				SWIFT_VERSION = 5.0;
				TARGETED_DEVICE_FAMILY = "1,2";
			};
			name = Debug;
		};
		AF10B3D22BC6AAD1001AFDF7 /* Release */ = {
			isa = XCBuildConfiguration;
			buildSettings = {
				ASSETCATALOG_COMPILER_APPICON_NAME = AppIcon;
				ASSETCATALOG_COMPILER_GLOBAL_ACCENT_COLOR_NAME = AccentColor;
				BASE_URL = "http://www.kobis.or.kr/kobisopenapi/webservice/rest/boxoffice/searchDailyBoxOfficeList.json";
				CODE_SIGN_STYLE = Automatic;
				CURRENT_PROJECT_VERSION = 1;
				DEVELOPMENT_TEAM = 8R3N359429;
				GENERATE_INFOPLIST_FILE = YES;
				INFOPLIST_FILE = "34th-Sopt-Assignment/Application/Info.plist";
				INFOPLIST_KEY_UIApplicationSupportsIndirectInputEvents = YES;
				INFOPLIST_KEY_UILaunchStoryboardName = LaunchScreen;
				INFOPLIST_KEY_UIMainStoryboardFile = Main;
				INFOPLIST_KEY_UISupportedInterfaceOrientations_iPad = "UIInterfaceOrientationPortrait UIInterfaceOrientationPortraitUpsideDown UIInterfaceOrientationLandscapeLeft UIInterfaceOrientationLandscapeRight";
				INFOPLIST_KEY_UISupportedInterfaceOrientations_iPhone = "UIInterfaceOrientationPortrait UIInterfaceOrientationLandscapeLeft UIInterfaceOrientationLandscapeRight";
				LD_RUNPATH_SEARCH_PATHS = (
					"$(inherited)",
					"@executable_path/Frameworks",
				);
				MARKETING_VERSION = 1.0;
				PRODUCT_BUNDLE_IDENTIFIER = "com.kozi.-4th-Sopt-Assignment";
				PRODUCT_NAME = "$(TARGET_NAME)";
				SWIFT_EMIT_LOC_STRINGS = YES;
				SWIFT_VERSION = 5.0;
				TARGETED_DEVICE_FAMILY = "1,2";
			};
			name = Release;
		};
/* End XCBuildConfiguration section */

/* Begin XCConfigurationList section */
		AF10B3B72BC6AACF001AFDF7 /* Build configuration list for PBXProject "34th-Sopt-Assignment" */ = {
			isa = XCConfigurationList;
			buildConfigurations = (
				AF10B3CE2BC6AAD1001AFDF7 /* Debug */,
				AF10B3CF2BC6AAD1001AFDF7 /* Release */,
			);
			defaultConfigurationIsVisible = 0;
			defaultConfigurationName = Release;
		};
		AF10B3D02BC6AAD1001AFDF7 /* Build configuration list for PBXNativeTarget "34th-Sopt-Assignment" */ = {
			isa = XCConfigurationList;
			buildConfigurations = (
				AF10B3D12BC6AAD1001AFDF7 /* Debug */,
				AF10B3D22BC6AAD1001AFDF7 /* Release */,
			);
			defaultConfigurationIsVisible = 0;
			defaultConfigurationName = Release;
		};
/* End XCConfigurationList section */

/* Begin XCRemoteSwiftPackageReference section */
		AF6832A22BCCF28600932406 /* XCRemoteSwiftPackageReference "SnapKit" */ = {
			isa = XCRemoteSwiftPackageReference;
			repositoryURL = "https://github.com/SnapKit/SnapKit.git";
			requirement = {
				kind = upToNextMajorVersion;
				minimumVersion = 5.7.1;
			};
		};
		AF7A0BFE2BE8B0E500A9885C /* XCRemoteSwiftPackageReference "Moya" */ = {
			isa = XCRemoteSwiftPackageReference;
			repositoryURL = "https://github.com/Moya/Moya";
			requirement = {
				kind = upToNextMajorVersion;
				minimumVersion = 15.0.3;
			};
		};
		AFA9ED492BDFA290009A5C59 /* XCRemoteSwiftPackageReference "LookinServer" */ = {
			isa = XCRemoteSwiftPackageReference;
			repositoryURL = "https://github.com/QMUI/LookinServer/";
			requirement = {
				kind = upToNextMajorVersion;
				minimumVersion = 1.2.8;
			};
		};
/* End XCRemoteSwiftPackageReference section */

/* Begin XCSwiftPackageProductDependency section */
		AF6832A32BCCF28600932406 /* SnapKit */ = {
			isa = XCSwiftPackageProductDependency;
			package = AF6832A22BCCF28600932406 /* XCRemoteSwiftPackageReference "SnapKit" */;
			productName = SnapKit;
		};
		AF6832A52BCCF28600932406 /* SnapKit-Dynamic */ = {
			isa = XCSwiftPackageProductDependency;
			package = AF6832A22BCCF28600932406 /* XCRemoteSwiftPackageReference "SnapKit" */;
			productName = "SnapKit-Dynamic";
		};
		AF7A0BFF2BE8B0E500A9885C /* Moya */ = {
			isa = XCSwiftPackageProductDependency;
			package = AF7A0BFE2BE8B0E500A9885C /* XCRemoteSwiftPackageReference "Moya" */;
			productName = Moya;
		};
		AFA9ED4A2BDFA290009A5C59 /* LookinServer */ = {
			isa = XCSwiftPackageProductDependency;
			package = AFA9ED492BDFA290009A5C59 /* XCRemoteSwiftPackageReference "LookinServer" */;
			productName = LookinServer;
		};
/* End XCSwiftPackageProductDependency section */
	};
	rootObject = AF10B3B42BC6AACF001AFDF7 /* Project object */;
}
